// !$*UTF8*$!
{
	archiveVersion = 1;
	classes = {
	};
	objectVersion = 50;
	objects = {

/* Begin PBXBuildFile section */
		3A857D65C7530D56D12F1480 /* Pods_Machrou3komTests.framework in Frameworks */ = {isa = PBXBuildFile; fileRef = 42E2969ED0CC4682B6B09145 /* Pods_Machrou3komTests.framework */; };
		6595DD995C59B089AF2D456D /* Pods_Machrou3kom.framework in Frameworks */ = {isa = PBXBuildFile; fileRef = B583C4D5E8607F616B539535 /* Pods_Machrou3kom.framework */; };
		881B84B4209627B10084BAF2 /* AppDelegate.swift in Sources */ = {isa = PBXBuildFile; fileRef = 881B84B3209627B10084BAF2 /* AppDelegate.swift */; };
		881B84B6209627B10084BAF2 /* ViewController.swift in Sources */ = {isa = PBXBuildFile; fileRef = 881B84B5209627B10084BAF2 /* ViewController.swift */; };
		881B84B9209627B10084BAF2 /* Main.storyboard in Resources */ = {isa = PBXBuildFile; fileRef = 881B84B7209627B10084BAF2 /* Main.storyboard */; };
		881B84BB209627B20084BAF2 /* Assets.xcassets in Resources */ = {isa = PBXBuildFile; fileRef = 881B84BA209627B20084BAF2 /* Assets.xcassets */; };
		881B84BE209627B20084BAF2 /* LaunchScreen.storyboard in Resources */ = {isa = PBXBuildFile; fileRef = 881B84BC209627B20084BAF2 /* LaunchScreen.storyboard */; };
		881B84C9209627B20084BAF2 /* Machrou3komTests.swift in Sources */ = {isa = PBXBuildFile; fileRef = 881B84C8209627B20084BAF2 /* Machrou3komTests.swift */; };
		881B84D4209627B20084BAF2 /* Machrou3komUITests.swift in Sources */ = {isa = PBXBuildFile; fileRef = 881B84D3209627B20084BAF2 /* Machrou3komUITests.swift */; };
		8869992F2096353F00B370A4 /* AppServices.swift in Sources */ = {isa = PBXBuildFile; fileRef = 8869992E2096353F00B370A4 /* AppServices.swift */; };
		886999352096393D00B370A4 /* ChooseCountryViewController.swift in Sources */ = {isa = PBXBuildFile; fileRef = 886999342096393D00B370A4 /* ChooseCountryViewController.swift */; };
		8869993920963A4C00B370A4 /* HomeViewController.swift in Sources */ = {isa = PBXBuildFile; fileRef = 8869993820963A4C00B370A4 /* HomeViewController.swift */; };
		8869993B20963AD300B370A4 /* HomePageTableViewCell.swift in Sources */ = {isa = PBXBuildFile; fileRef = 8869993A20963AD300B370A4 /* HomePageTableViewCell.swift */; };
		8869994820964FA800B370A4 /* Auth0.plist in Resources */ = {isa = PBXBuildFile; fileRef = 8869994720964FA800B370A4 /* Auth0.plist */; };
		8869994B209673E100B370A4 /* Post.swift in Sources */ = {isa = PBXBuildFile; fileRef = 8869994A209673E100B370A4 /* Post.swift */; };
		88C5238720971A650022B128 /* GoogleService-Info.plist in Resources */ = {isa = PBXBuildFile; fileRef = 88C5238620971A640022B128 /* GoogleService-Info.plist */; };
		C524B86E41A56D714D564B76 /* Pods_Machrou3komUITests.framework in Frameworks */ = {isa = PBXBuildFile; fileRef = 531A73630DFF5A645E11667B /* Pods_Machrou3komUITests.framework */; };
/* End PBXBuildFile section */

/* Begin PBXContainerItemProxy section */
		881B84C5209627B20084BAF2 /* PBXContainerItemProxy */ = {
			isa = PBXContainerItemProxy;
			containerPortal = 881B84A8209627B10084BAF2 /* Project object */;
			proxyType = 1;
			remoteGlobalIDString = 881B84AF209627B10084BAF2;
			remoteInfo = Machrou3kom;
		};
		881B84D0209627B20084BAF2 /* PBXContainerItemProxy */ = {
			isa = PBXContainerItemProxy;
			containerPortal = 881B84A8209627B10084BAF2 /* Project object */;
			proxyType = 1;
			remoteGlobalIDString = 881B84AF209627B10084BAF2;
			remoteInfo = Machrou3kom;
		};
/* End PBXContainerItemProxy section */

/* Begin PBXFileReference section */
		010D955F63EACEDEA81DBAED /* Pods-Machrou3komTests.release.xcconfig */ = {isa = PBXFileReference; includeInIndex = 1; lastKnownFileType = text.xcconfig; name = "Pods-Machrou3komTests.release.xcconfig"; path = "Pods/Target Support Files/Pods-Machrou3komTests/Pods-Machrou3komTests.release.xcconfig"; sourceTree = "<group>"; };
		10A03D2B13A6D6B436201B94 /* Pods-Machrou3komTests.debug.xcconfig */ = {isa = PBXFileReference; includeInIndex = 1; lastKnownFileType = text.xcconfig; name = "Pods-Machrou3komTests.debug.xcconfig"; path = "Pods/Target Support Files/Pods-Machrou3komTests/Pods-Machrou3komTests.debug.xcconfig"; sourceTree = "<group>"; };
		14EDE1E67DC044A2259A46C1 /* Pods-Machrou3komUITests.release.xcconfig */ = {isa = PBXFileReference; includeInIndex = 1; lastKnownFileType = text.xcconfig; name = "Pods-Machrou3komUITests.release.xcconfig"; path = "Pods/Target Support Files/Pods-Machrou3komUITests/Pods-Machrou3komUITests.release.xcconfig"; sourceTree = "<group>"; };
		2169E27B0372354EBC693E6D /* Pods-Machrou3komUITests.debug.xcconfig */ = {isa = PBXFileReference; includeInIndex = 1; lastKnownFileType = text.xcconfig; name = "Pods-Machrou3komUITests.debug.xcconfig"; path = "Pods/Target Support Files/Pods-Machrou3komUITests/Pods-Machrou3komUITests.debug.xcconfig"; sourceTree = "<group>"; };
		42E2969ED0CC4682B6B09145 /* Pods_Machrou3komTests.framework */ = {isa = PBXFileReference; explicitFileType = wrapper.framework; includeInIndex = 0; path = Pods_Machrou3komTests.framework; sourceTree = BUILT_PRODUCTS_DIR; };
		4C6C9E4A3B6CCB5C9B7E7E54 /* Pods-Machrou3kom.release.xcconfig */ = {isa = PBXFileReference; includeInIndex = 1; lastKnownFileType = text.xcconfig; name = "Pods-Machrou3kom.release.xcconfig"; path = "Pods/Target Support Files/Pods-Machrou3kom/Pods-Machrou3kom.release.xcconfig"; sourceTree = "<group>"; };
		531A73630DFF5A645E11667B /* Pods_Machrou3komUITests.framework */ = {isa = PBXFileReference; explicitFileType = wrapper.framework; includeInIndex = 0; path = Pods_Machrou3komUITests.framework; sourceTree = BUILT_PRODUCTS_DIR; };
		881B84B0209627B10084BAF2 /* Machrou3kom.app */ = {isa = PBXFileReference; explicitFileType = wrapper.application; includeInIndex = 0; path = Machrou3kom.app; sourceTree = BUILT_PRODUCTS_DIR; };
		881B84B3209627B10084BAF2 /* AppDelegate.swift */ = {isa = PBXFileReference; lastKnownFileType = sourcecode.swift; path = AppDelegate.swift; sourceTree = "<group>"; };
		881B84B5209627B10084BAF2 /* ViewController.swift */ = {isa = PBXFileReference; lastKnownFileType = sourcecode.swift; path = ViewController.swift; sourceTree = "<group>"; };
		881B84B8209627B10084BAF2 /* Base */ = {isa = PBXFileReference; lastKnownFileType = file.storyboard; name = Base; path = Base.lproj/Main.storyboard; sourceTree = "<group>"; };
		881B84BA209627B20084BAF2 /* Assets.xcassets */ = {isa = PBXFileReference; lastKnownFileType = folder.assetcatalog; path = Assets.xcassets; sourceTree = "<group>"; };
		881B84BD209627B20084BAF2 /* Base */ = {isa = PBXFileReference; lastKnownFileType = file.storyboard; name = Base; path = Base.lproj/LaunchScreen.storyboard; sourceTree = "<group>"; };
		881B84BF209627B20084BAF2 /* Info.plist */ = {isa = PBXFileReference; lastKnownFileType = text.plist.xml; path = Info.plist; sourceTree = "<group>"; };
		881B84C4209627B20084BAF2 /* Machrou3komTests.xctest */ = {isa = PBXFileReference; explicitFileType = wrapper.cfbundle; includeInIndex = 0; path = Machrou3komTests.xctest; sourceTree = BUILT_PRODUCTS_DIR; };
		881B84C8209627B20084BAF2 /* Machrou3komTests.swift */ = {isa = PBXFileReference; lastKnownFileType = sourcecode.swift; path = Machrou3komTests.swift; sourceTree = "<group>"; };
		881B84CA209627B20084BAF2 /* Info.plist */ = {isa = PBXFileReference; lastKnownFileType = text.plist.xml; path = Info.plist; sourceTree = "<group>"; };
		881B84CF209627B20084BAF2 /* Machrou3komUITests.xctest */ = {isa = PBXFileReference; explicitFileType = wrapper.cfbundle; includeInIndex = 0; path = Machrou3komUITests.xctest; sourceTree = BUILT_PRODUCTS_DIR; };
		881B84D3209627B20084BAF2 /* Machrou3komUITests.swift */ = {isa = PBXFileReference; lastKnownFileType = sourcecode.swift; path = Machrou3komUITests.swift; sourceTree = "<group>"; };
		881B84D5209627B20084BAF2 /* Info.plist */ = {isa = PBXFileReference; lastKnownFileType = text.plist.xml; path = Info.plist; sourceTree = "<group>"; };
		8869992E2096353F00B370A4 /* AppServices.swift */ = {isa = PBXFileReference; lastKnownFileType = sourcecode.swift; path = AppServices.swift; sourceTree = "<group>"; };
		886999342096393D00B370A4 /* ChooseCountryViewController.swift */ = {isa = PBXFileReference; lastKnownFileType = sourcecode.swift; path = ChooseCountryViewController.swift; sourceTree = "<group>"; };
		8869993820963A4C00B370A4 /* HomeViewController.swift */ = {isa = PBXFileReference; lastKnownFileType = sourcecode.swift; path = HomeViewController.swift; sourceTree = "<group>"; };
		8869993A20963AD300B370A4 /* HomePageTableViewCell.swift */ = {isa = PBXFileReference; lastKnownFileType = sourcecode.swift; path = HomePageTableViewCell.swift; sourceTree = "<group>"; };
		8869994720964FA800B370A4 /* Auth0.plist */ = {isa = PBXFileReference; lastKnownFileType = text.plist.xml; path = Auth0.plist; sourceTree = "<group>"; };
		8869994A209673E100B370A4 /* Post.swift */ = {isa = PBXFileReference; lastKnownFileType = sourcecode.swift; path = Post.swift; sourceTree = "<group>"; };
		88C5238620971A640022B128 /* GoogleService-Info.plist */ = {isa = PBXFileReference; fileEncoding = 4; lastKnownFileType = text.plist.xml; path = "GoogleService-Info.plist"; sourceTree = "<group>"; };
		B583C4D5E8607F616B539535 /* Pods_Machrou3kom.framework */ = {isa = PBXFileReference; explicitFileType = wrapper.framework; includeInIndex = 0; path = Pods_Machrou3kom.framework; sourceTree = BUILT_PRODUCTS_DIR; };
		EE5C7AF8473D52A57AB07703 /* Pods-Machrou3kom.debug.xcconfig */ = {isa = PBXFileReference; includeInIndex = 1; lastKnownFileType = text.xcconfig; name = "Pods-Machrou3kom.debug.xcconfig"; path = "Pods/Target Support Files/Pods-Machrou3kom/Pods-Machrou3kom.debug.xcconfig"; sourceTree = "<group>"; };
/* End PBXFileReference section */

/* Begin PBXFrameworksBuildPhase section */
		881B84AD209627B10084BAF2 /* Frameworks */ = {
			isa = PBXFrameworksBuildPhase;
			buildActionMask = 2147483647;
			files = (
				6595DD995C59B089AF2D456D /* Pods_Machrou3kom.framework in Frameworks */,
			);
			runOnlyForDeploymentPostprocessing = 0;
		};
		881B84C1209627B20084BAF2 /* Frameworks */ = {
			isa = PBXFrameworksBuildPhase;
			buildActionMask = 2147483647;
			files = (
				3A857D65C7530D56D12F1480 /* Pods_Machrou3komTests.framework in Frameworks */,
			);
			runOnlyForDeploymentPostprocessing = 0;
		};
		881B84CC209627B20084BAF2 /* Frameworks */ = {
			isa = PBXFrameworksBuildPhase;
			buildActionMask = 2147483647;
			files = (
				C524B86E41A56D714D564B76 /* Pods_Machrou3komUITests.framework in Frameworks */,
			);
			runOnlyForDeploymentPostprocessing = 0;
		};
/* End PBXFrameworksBuildPhase section */

/* Begin PBXGroup section */
		05356210653B4810E9FE7DA6 /* Pods */ = {
			isa = PBXGroup;
			children = (
				EE5C7AF8473D52A57AB07703 /* Pods-Machrou3kom.debug.xcconfig */,
				4C6C9E4A3B6CCB5C9B7E7E54 /* Pods-Machrou3kom.release.xcconfig */,
				10A03D2B13A6D6B436201B94 /* Pods-Machrou3komTests.debug.xcconfig */,
				010D955F63EACEDEA81DBAED /* Pods-Machrou3komTests.release.xcconfig */,
				2169E27B0372354EBC693E6D /* Pods-Machrou3komUITests.debug.xcconfig */,
				14EDE1E67DC044A2259A46C1 /* Pods-Machrou3komUITests.release.xcconfig */,
			);
			name = Pods;
			sourceTree = "<group>";
		};
		881B84A7209627B10084BAF2 = {
			isa = PBXGroup;
			children = (
				881B84B2209627B10084BAF2 /* Machrou3kom */,
				881B84C7209627B20084BAF2 /* Machrou3komTests */,
				881B84D2209627B20084BAF2 /* Machrou3komUITests */,
				881B84B1209627B10084BAF2 /* Products */,
				05356210653B4810E9FE7DA6 /* Pods */,
				D1AEB32A8B0727C97F522678 /* Frameworks */,
			);
			sourceTree = "<group>";
		};
		881B84B1209627B10084BAF2 /* Products */ = {
			isa = PBXGroup;
			children = (
				881B84B0209627B10084BAF2 /* Machrou3kom.app */,
				881B84C4209627B20084BAF2 /* Machrou3komTests.xctest */,
				881B84CF209627B20084BAF2 /* Machrou3komUITests.xctest */,
			);
			name = Products;
			sourceTree = "<group>";
		};
		881B84B2209627B10084BAF2 /* Machrou3kom */ = {
			isa = PBXGroup;
			children = (
				88699949209673D100B370A4 /* Models */,
				8869992D2096352F00B370A4 /* Services */,
				8869992A2096350100B370A4 /* Views */,
				88699925209634A100B370A4 /* Controllers */,
				881B84B3209627B10084BAF2 /* AppDelegate.swift */,
				881B84B5209627B10084BAF2 /* ViewController.swift */,
				881B84B7209627B10084BAF2 /* Main.storyboard */,
				881B84BA209627B20084BAF2 /* Assets.xcassets */,
				881B84BC209627B20084BAF2 /* LaunchScreen.storyboard */,
				881B84BF209627B20084BAF2 /* Info.plist */,
				8869994720964FA800B370A4 /* Auth0.plist */,
				88C5238620971A640022B128 /* GoogleService-Info.plist */,
			);
			path = Machrou3kom;
			sourceTree = "<group>";
		};
		881B84C7209627B20084BAF2 /* Machrou3komTests */ = {
			isa = PBXGroup;
			children = (
				881B84C8209627B20084BAF2 /* Machrou3komTests.swift */,
				881B84CA209627B20084BAF2 /* Info.plist */,
			);
			path = Machrou3komTests;
			sourceTree = "<group>";
		};
		881B84D2209627B20084BAF2 /* Machrou3komUITests */ = {
			isa = PBXGroup;
			children = (
				881B84D3209627B20084BAF2 /* Machrou3komUITests.swift */,
				881B84D5209627B20084BAF2 /* Info.plist */,
			);
			path = Machrou3komUITests;
			sourceTree = "<group>";
		};
		88699925209634A100B370A4 /* Controllers */ = {
			isa = PBXGroup;
			children = (
				8869993820963A4C00B370A4 /* HomeViewController.swift */,
				886999342096393D00B370A4 /* ChooseCountryViewController.swift */,
			);
			path = Controllers;
			sourceTree = "<group>";
		};
		8869992A2096350100B370A4 /* Views */ = {
			isa = PBXGroup;
			children = (
				8869993A20963AD300B370A4 /* HomePageTableViewCell.swift */,
			);
			path = Views;
			sourceTree = "<group>";
		};
		8869992D2096352F00B370A4 /* Services */ = {
			isa = PBXGroup;
			children = (
				8869992E2096353F00B370A4 /* AppServices.swift */,
			);
			path = Services;
			sourceTree = "<group>";
		};
		88699949209673D100B370A4 /* Models */ = {
			isa = PBXGroup;
			children = (
				8869994A209673E100B370A4 /* Post.swift */,
			);
			path = Models;
			sourceTree = "<group>";
		};
		D1AEB32A8B0727C97F522678 /* Frameworks */ = {
			isa = PBXGroup;
			children = (
				B583C4D5E8607F616B539535 /* Pods_Machrou3kom.framework */,
				42E2969ED0CC4682B6B09145 /* Pods_Machrou3komTests.framework */,
				531A73630DFF5A645E11667B /* Pods_Machrou3komUITests.framework */,
			);
			name = Frameworks;
			sourceTree = "<group>";
		};
/* End PBXGroup section */

/* Begin PBXNativeTarget section */
		881B84AF209627B10084BAF2 /* Machrou3kom */ = {
			isa = PBXNativeTarget;
			buildConfigurationList = 881B84D8209627B20084BAF2 /* Build configuration list for PBXNativeTarget "Machrou3kom" */;
			buildPhases = (
				C59BE24D504EA27579C7E13C /* [CP] Check Pods Manifest.lock */,
				881B84AC209627B10084BAF2 /* Sources */,
				881B84AD209627B10084BAF2 /* Frameworks */,
				881B84AE209627B10084BAF2 /* Resources */,
				76D4A28EBED7C5CE3E5B6DA0 /* [CP] Embed Pods Frameworks */,
			);
			buildRules = (
			);
			dependencies = (
			);
			name = Machrou3kom;
			productName = Machrou3kom;
			productReference = 881B84B0209627B10084BAF2 /* Machrou3kom.app */;
			productType = "com.apple.product-type.application";
		};
		881B84C3209627B20084BAF2 /* Machrou3komTests */ = {
			isa = PBXNativeTarget;
			buildConfigurationList = 881B84DB209627B20084BAF2 /* Build configuration list for PBXNativeTarget "Machrou3komTests" */;
			buildPhases = (
				EFDA464E9D455341C6227F7D /* [CP] Check Pods Manifest.lock */,
				881B84C0209627B20084BAF2 /* Sources */,
				881B84C1209627B20084BAF2 /* Frameworks */,
				881B84C2209627B20084BAF2 /* Resources */,
			);
			buildRules = (
			);
			dependencies = (
				881B84C6209627B20084BAF2 /* PBXTargetDependency */,
			);
			name = Machrou3komTests;
			productName = Machrou3komTests;
			productReference = 881B84C4209627B20084BAF2 /* Machrou3komTests.xctest */;
			productType = "com.apple.product-type.bundle.unit-test";
		};
		881B84CE209627B20084BAF2 /* Machrou3komUITests */ = {
			isa = PBXNativeTarget;
			buildConfigurationList = 881B84DE209627B20084BAF2 /* Build configuration list for PBXNativeTarget "Machrou3komUITests" */;
			buildPhases = (
				F05AF76DADD01D68D696B3D6 /* [CP] Check Pods Manifest.lock */,
				881B84CB209627B20084BAF2 /* Sources */,
				881B84CC209627B20084BAF2 /* Frameworks */,
				881B84CD209627B20084BAF2 /* Resources */,
			);
			buildRules = (
			);
			dependencies = (
				881B84D1209627B20084BAF2 /* PBXTargetDependency */,
			);
			name = Machrou3komUITests;
			productName = Machrou3komUITests;
			productReference = 881B84CF209627B20084BAF2 /* Machrou3komUITests.xctest */;
			productType = "com.apple.product-type.bundle.ui-testing";
		};
/* End PBXNativeTarget section */

/* Begin PBXProject section */
		881B84A8209627B10084BAF2 /* Project object */ = {
			isa = PBXProject;
			attributes = {
				LastSwiftUpdateCheck = 0930;
				LastUpgradeCheck = 0930;
				ORGANIZATIONNAME = "Hamza JGUERIM";
				TargetAttributes = {
					881B84AF209627B10084BAF2 = {
						CreatedOnToolsVersion = 9.3;
					};
					881B84C3209627B20084BAF2 = {
						CreatedOnToolsVersion = 9.3;
						TestTargetID = 881B84AF209627B10084BAF2;
					};
					881B84CE209627B20084BAF2 = {
						CreatedOnToolsVersion = 9.3;
						TestTargetID = 881B84AF209627B10084BAF2;
					};
				};
			};
			buildConfigurationList = 881B84AB209627B10084BAF2 /* Build configuration list for PBXProject "Machrou3kom" */;
			compatibilityVersion = "Xcode 9.3";
			developmentRegion = en;
			hasScannedForEncodings = 0;
			knownRegions = (
				en,
				Base,
			);
			mainGroup = 881B84A7209627B10084BAF2;
			productRefGroup = 881B84B1209627B10084BAF2 /* Products */;
			projectDirPath = "";
			projectRoot = "";
			targets = (
				881B84AF209627B10084BAF2 /* Machrou3kom */,
				881B84C3209627B20084BAF2 /* Machrou3komTests */,
				881B84CE209627B20084BAF2 /* Machrou3komUITests */,
			);
		};
/* End PBXProject section */

/* Begin PBXResourcesBuildPhase section */
		881B84AE209627B10084BAF2 /* Resources */ = {
			isa = PBXResourcesBuildPhase;
			buildActionMask = 2147483647;
			files = (
				8869994820964FA800B370A4 /* Auth0.plist in Resources */,
				881B84BE209627B20084BAF2 /* LaunchScreen.storyboard in Resources */,
				88C5238720971A650022B128 /* GoogleService-Info.plist in Resources */,
				881B84BB209627B20084BAF2 /* Assets.xcassets in Resources */,
				881B84B9209627B10084BAF2 /* Main.storyboard in Resources */,
			);
			runOnlyForDeploymentPostprocessing = 0;
		};
		881B84C2209627B20084BAF2 /* Resources */ = {
			isa = PBXResourcesBuildPhase;
			buildActionMask = 2147483647;
			files = (
			);
			runOnlyForDeploymentPostprocessing = 0;
		};
		881B84CD209627B20084BAF2 /* Resources */ = {
			isa = PBXResourcesBuildPhase;
			buildActionMask = 2147483647;
			files = (
			);
			runOnlyForDeploymentPostprocessing = 0;
		};
/* End PBXResourcesBuildPhase section */

/* Begin PBXShellScriptBuildPhase section */
		76D4A28EBED7C5CE3E5B6DA0 /* [CP] Embed Pods Frameworks */ = {
			isa = PBXShellScriptBuildPhase;
			buildActionMask = 2147483647;
			files = (
			);
			inputPaths = (
				"${SRCROOT}/Pods/Target Support Files/Pods-Machrou3kom/Pods-Machrou3kom-frameworks.sh",
				"${BUILT_PRODUCTS_DIR}/Auth0/Auth0.framework",
				"${BUILT_PRODUCTS_DIR}/GoogleToolboxForMac/GoogleToolboxForMac.framework",
				"${BUILT_PRODUCTS_DIR}/SimpleKeychain/SimpleKeychain.framework",
				"${BUILT_PRODUCTS_DIR}/leveldb-library/leveldb.framework",
				"${BUILT_PRODUCTS_DIR}/nanopb/nanopb.framework",
			);
			name = "[CP] Embed Pods Frameworks";
			outputPaths = (
				"${TARGET_BUILD_DIR}/${FRAMEWORKS_FOLDER_PATH}/Auth0.framework",
				"${TARGET_BUILD_DIR}/${FRAMEWORKS_FOLDER_PATH}/GoogleToolboxForMac.framework",
				"${TARGET_BUILD_DIR}/${FRAMEWORKS_FOLDER_PATH}/SimpleKeychain.framework",
				"${TARGET_BUILD_DIR}/${FRAMEWORKS_FOLDER_PATH}/leveldb.framework",
				"${TARGET_BUILD_DIR}/${FRAMEWORKS_FOLDER_PATH}/nanopb.framework",
			);
			runOnlyForDeploymentPostprocessing = 0;
			shellPath = /bin/sh;
			shellScript = "\"${SRCROOT}/Pods/Target Support Files/Pods-Machrou3kom/Pods-Machrou3kom-frameworks.sh\"\n";
			showEnvVarsInLog = 0;
		};
		C59BE24D504EA27579C7E13C /* [CP] Check Pods Manifest.lock */ = {
			isa = PBXShellScriptBuildPhase;
			buildActionMask = 2147483647;
			files = (
			);
			inputPaths = (
				"${PODS_PODFILE_DIR_PATH}/Podfile.lock",
				"${PODS_ROOT}/Manifest.lock",
			);
			name = "[CP] Check Pods Manifest.lock";
			outputPaths = (
				"$(DERIVED_FILE_DIR)/Pods-Machrou3kom-checkManifestLockResult.txt",
			);
			runOnlyForDeploymentPostprocessing = 0;
			shellPath = /bin/sh;
			shellScript = "diff \"${PODS_PODFILE_DIR_PATH}/Podfile.lock\" \"${PODS_ROOT}/Manifest.lock\" > /dev/null\nif [ $? != 0 ] ; then\n    # print error to STDERR\n    echo \"error: The sandbox is not in sync with the Podfile.lock. Run 'pod install' or update your CocoaPods installation.\" >&2\n    exit 1\nfi\n# This output is used by Xcode 'outputs' to avoid re-running this script phase.\necho \"SUCCESS\" > \"${SCRIPT_OUTPUT_FILE_0}\"\n";
			showEnvVarsInLog = 0;
		};
		EFDA464E9D455341C6227F7D /* [CP] Check Pods Manifest.lock */ = {
			isa = PBXShellScriptBuildPhase;
			buildActionMask = 2147483647;
			files = (
			);
			inputPaths = (
				"${PODS_PODFILE_DIR_PATH}/Podfile.lock",
				"${PODS_ROOT}/Manifest.lock",
			);
			name = "[CP] Check Pods Manifest.lock";
			outputPaths = (
				"$(DERIVED_FILE_DIR)/Pods-Machrou3komTests-checkManifestLockResult.txt",
			);
			runOnlyForDeploymentPostprocessing = 0;
			shellPath = /bin/sh;
			shellScript = "diff \"${PODS_PODFILE_DIR_PATH}/Podfile.lock\" \"${PODS_ROOT}/Manifest.lock\" > /dev/null\nif [ $? != 0 ] ; then\n    # print error to STDERR\n    echo \"error: The sandbox is not in sync with the Podfile.lock. Run 'pod install' or update your CocoaPods installation.\" >&2\n    exit 1\nfi\n# This output is used by Xcode 'outputs' to avoid re-running this script phase.\necho \"SUCCESS\" > \"${SCRIPT_OUTPUT_FILE_0}\"\n";
			showEnvVarsInLog = 0;
		};
		F05AF76DADD01D68D696B3D6 /* [CP] Check Pods Manifest.lock */ = {
			isa = PBXShellScriptBuildPhase;
			buildActionMask = 2147483647;
			files = (
			);
			inputPaths = (
				"${PODS_PODFILE_DIR_PATH}/Podfile.lock",
				"${PODS_ROOT}/Manifest.lock",
			);
			name = "[CP] Check Pods Manifest.lock";
			outputPaths = (
				"$(DERIVED_FILE_DIR)/Pods-Machrou3komUITests-checkManifestLockResult.txt",
			);
			runOnlyForDeploymentPostprocessing = 0;
			shellPath = /bin/sh;
			shellScript = "diff \"${PODS_PODFILE_DIR_PATH}/Podfile.lock\" \"${PODS_ROOT}/Manifest.lock\" > /dev/null\nif [ $? != 0 ] ; then\n    # print error to STDERR\n    echo \"error: The sandbox is not in sync with the Podfile.lock. Run 'pod install' or update your CocoaPods installation.\" >&2\n    exit 1\nfi\n# This output is used by Xcode 'outputs' to avoid re-running this script phase.\necho \"SUCCESS\" > \"${SCRIPT_OUTPUT_FILE_0}\"\n";
			showEnvVarsInLog = 0;
		};
/* End PBXShellScriptBuildPhase section */

/* Begin PBXSourcesBuildPhase section */
		881B84AC209627B10084BAF2 /* Sources */ = {
			isa = PBXSourcesBuildPhase;
			buildActionMask = 2147483647;
			files = (
				886999352096393D00B370A4 /* ChooseCountryViewController.swift in Sources */,
				8869993B20963AD300B370A4 /* HomePageTableViewCell.swift in Sources */,
				881B84B6209627B10084BAF2 /* ViewController.swift in Sources */,
				8869992F2096353F00B370A4 /* AppServices.swift in Sources */,
				881B84B4209627B10084BAF2 /* AppDelegate.swift in Sources */,
				8869994B209673E100B370A4 /* Post.swift in Sources */,
				8869993920963A4C00B370A4 /* HomeViewController.swift in Sources */,
			);
			runOnlyForDeploymentPostprocessing = 0;
		};
		881B84C0209627B20084BAF2 /* Sources */ = {
			isa = PBXSourcesBuildPhase;
			buildActionMask = 2147483647;
			files = (
				881B84C9209627B20084BAF2 /* Machrou3komTests.swift in Sources */,
			);
			runOnlyForDeploymentPostprocessing = 0;
		};
		881B84CB209627B20084BAF2 /* Sources */ = {
			isa = PBXSourcesBuildPhase;
			buildActionMask = 2147483647;
			files = (
				881B84D4209627B20084BAF2 /* Machrou3komUITests.swift in Sources */,
			);
			runOnlyForDeploymentPostprocessing = 0;
		};
/* End PBXSourcesBuildPhase section */

/* Begin PBXTargetDependency section */
		881B84C6209627B20084BAF2 /* PBXTargetDependency */ = {
			isa = PBXTargetDependency;
			target = 881B84AF209627B10084BAF2 /* Machrou3kom */;
			targetProxy = 881B84C5209627B20084BAF2 /* PBXContainerItemProxy */;
		};
		881B84D1209627B20084BAF2 /* PBXTargetDependency */ = {
			isa = PBXTargetDependency;
			target = 881B84AF209627B10084BAF2 /* Machrou3kom */;
			targetProxy = 881B84D0209627B20084BAF2 /* PBXContainerItemProxy */;
		};
/* End PBXTargetDependency section */

/* Begin PBXVariantGroup section */
		881B84B7209627B10084BAF2 /* Main.storyboard */ = {
			isa = PBXVariantGroup;
			children = (
				881B84B8209627B10084BAF2 /* Base */,
			);
			name = Main.storyboard;
			sourceTree = "<group>";
		};
		881B84BC209627B20084BAF2 /* LaunchScreen.storyboard */ = {
			isa = PBXVariantGroup;
			children = (
				881B84BD209627B20084BAF2 /* Base */,
			);
			name = LaunchScreen.storyboard;
			sourceTree = "<group>";
		};
/* End PBXVariantGroup section */

/* Begin XCBuildConfiguration section */
		881B84D6209627B20084BAF2 /* Debug */ = {
			isa = XCBuildConfiguration;
			buildSettings = {
				ALWAYS_SEARCH_USER_PATHS = NO;
				CLANG_ANALYZER_NONNULL = YES;
				CLANG_ANALYZER_NUMBER_OBJECT_CONVERSION = YES_AGGRESSIVE;
				CLANG_CXX_LANGUAGE_STANDARD = "gnu++14";
				CLANG_CXX_LIBRARY = "libc++";
				CLANG_ENABLE_MODULES = YES;
				CLANG_ENABLE_OBJC_ARC = YES;
				CLANG_ENABLE_OBJC_WEAK = YES;
				CLANG_WARN_BLOCK_CAPTURE_AUTORELEASING = YES;
				CLANG_WARN_BOOL_CONVERSION = YES;
				CLANG_WARN_COMMA = YES;
				CLANG_WARN_CONSTANT_CONVERSION = YES;
				CLANG_WARN_DEPRECATED_OBJC_IMPLEMENTATIONS = YES;
				CLANG_WARN_DIRECT_OBJC_ISA_USAGE = YES_ERROR;
				CLANG_WARN_DOCUMENTATION_COMMENTS = YES;
				CLANG_WARN_EMPTY_BODY = YES;
				CLANG_WARN_ENUM_CONVERSION = YES;
				CLANG_WARN_INFINITE_RECURSION = YES;
				CLANG_WARN_INT_CONVERSION = YES;
				CLANG_WARN_NON_LITERAL_NULL_CONVERSION = YES;
				CLANG_WARN_OBJC_IMPLICIT_RETAIN_SELF = YES;
				CLANG_WARN_OBJC_LITERAL_CONVERSION = YES;
				CLANG_WARN_OBJC_ROOT_CLASS = YES_ERROR;
				CLANG_WARN_RANGE_LOOP_ANALYSIS = YES;
				CLANG_WARN_STRICT_PROTOTYPES = YES;
				CLANG_WARN_SUSPICIOUS_MOVE = YES;
				CLANG_WARN_UNGUARDED_AVAILABILITY = YES_AGGRESSIVE;
				CLANG_WARN_UNREACHABLE_CODE = YES;
				CLANG_WARN__DUPLICATE_METHOD_MATCH = YES;
				CODE_SIGN_IDENTITY = "iPhone Developer";
				COPY_PHASE_STRIP = NO;
				DEBUG_INFORMATION_FORMAT = dwarf;
				ENABLE_STRICT_OBJC_MSGSEND = YES;
				ENABLE_TESTABILITY = YES;
				GCC_C_LANGUAGE_STANDARD = gnu11;
				GCC_DYNAMIC_NO_PIC = NO;
				GCC_NO_COMMON_BLOCKS = YES;
				GCC_OPTIMIZATION_LEVEL = 0;
				GCC_PREPROCESSOR_DEFINITIONS = (
					"DEBUG=1",
					"$(inherited)",
				);
				GCC_WARN_64_TO_32_BIT_CONVERSION = YES;
				GCC_WARN_ABOUT_RETURN_TYPE = YES_ERROR;
				GCC_WARN_UNDECLARED_SELECTOR = YES;
				GCC_WARN_UNINITIALIZED_AUTOS = YES_AGGRESSIVE;
				GCC_WARN_UNUSED_FUNCTION = YES;
				GCC_WARN_UNUSED_VARIABLE = YES;
				IPHONEOS_DEPLOYMENT_TARGET = 11.3;
				MTL_ENABLE_DEBUG_INFO = YES;
				ONLY_ACTIVE_ARCH = YES;
				SDKROOT = iphoneos;
				SWIFT_ACTIVE_COMPILATION_CONDITIONS = DEBUG;
				SWIFT_OPTIMIZATION_LEVEL = "-Onone";
			};
			name = Debug;
		};
		881B84D7209627B20084BAF2 /* Release */ = {
			isa = XCBuildConfiguration;
			buildSettings = {
				ALWAYS_SEARCH_USER_PATHS = NO;
				CLANG_ANALYZER_NONNULL = YES;
				CLANG_ANALYZER_NUMBER_OBJECT_CONVERSION = YES_AGGRESSIVE;
				CLANG_CXX_LANGUAGE_STANDARD = "gnu++14";
				CLANG_CXX_LIBRARY = "libc++";
				CLANG_ENABLE_MODULES = YES;
				CLANG_ENABLE_OBJC_ARC = YES;
				CLANG_ENABLE_OBJC_WEAK = YES;
				CLANG_WARN_BLOCK_CAPTURE_AUTORELEASING = YES;
				CLANG_WARN_BOOL_CONVERSION = YES;
				CLANG_WARN_COMMA = YES;
				CLANG_WARN_CONSTANT_CONVERSION = YES;
				CLANG_WARN_DEPRECATED_OBJC_IMPLEMENTATIONS = YES;
				CLANG_WARN_DIRECT_OBJC_ISA_USAGE = YES_ERROR;
				CLANG_WARN_DOCUMENTATION_COMMENTS = YES;
				CLANG_WARN_EMPTY_BODY = YES;
				CLANG_WARN_ENUM_CONVERSION = YES;
				CLANG_WARN_INFINITE_RECURSION = YES;
				CLANG_WARN_INT_CONVERSION = YES;
				CLANG_WARN_NON_LITERAL_NULL_CONVERSION = YES;
				CLANG_WARN_OBJC_IMPLICIT_RETAIN_SELF = YES;
				CLANG_WARN_OBJC_LITERAL_CONVERSION = YES;
				CLANG_WARN_OBJC_ROOT_CLASS = YES_ERROR;
				CLANG_WARN_RANGE_LOOP_ANALYSIS = YES;
				CLANG_WARN_STRICT_PROTOTYPES = YES;
				CLANG_WARN_SUSPICIOUS_MOVE = YES;
				CLANG_WARN_UNGUARDED_AVAILABILITY = YES_AGGRESSIVE;
				CLANG_WARN_UNREACHABLE_CODE = YES;
				CLANG_WARN__DUPLICATE_METHOD_MATCH = YES;
				CODE_SIGN_IDENTITY = "iPhone Developer";
				COPY_PHASE_STRIP = NO;
				DEBUG_INFORMATION_FORMAT = "dwarf-with-dsym";
				ENABLE_NS_ASSERTIONS = NO;
				ENABLE_STRICT_OBJC_MSGSEND = YES;
				GCC_C_LANGUAGE_STANDARD = gnu11;
				GCC_NO_COMMON_BLOCKS = YES;
				GCC_WARN_64_TO_32_BIT_CONVERSION = YES;
				GCC_WARN_ABOUT_RETURN_TYPE = YES_ERROR;
				GCC_WARN_UNDECLARED_SELECTOR = YES;
				GCC_WARN_UNINITIALIZED_AUTOS = YES_AGGRESSIVE;
				GCC_WARN_UNUSED_FUNCTION = YES;
				GCC_WARN_UNUSED_VARIABLE = YES;
				IPHONEOS_DEPLOYMENT_TARGET = 11.3;
				MTL_ENABLE_DEBUG_INFO = NO;
				SDKROOT = iphoneos;
				SWIFT_COMPILATION_MODE = wholemodule;
				SWIFT_OPTIMIZATION_LEVEL = "-O";
				VALIDATE_PRODUCT = YES;
			};
			name = Release;
		};
		881B84D9209627B20084BAF2 /* Debug */ = {
			isa = XCBuildConfiguration;
			baseConfigurationReference = EE5C7AF8473D52A57AB07703 /* Pods-Machrou3kom.debug.xcconfig */;
			buildSettings = {
				ASSETCATALOG_COMPILER_APPICON_NAME = AppIcon;
				CODE_SIGN_IDENTITY = "iPhone Developer";
				CODE_SIGN_STYLE = Automatic;
				DEVELOPMENT_TEAM = FDHPB9G97E;
				INFOPLIST_FILE = Machrou3kom/Info.plist;
				LD_RUNPATH_SEARCH_PATHS = (
					"$(inherited)",
					"@executable_path/Frameworks",
				);
				PRODUCT_BUNDLE_IDENTIFIER = com.hamzajg.Machrou3kom;
				PRODUCT_NAME = "$(TARGET_NAME)";
				PROVISIONING_PROFILE_SPECIFIER = "";
				SWIFT_VERSION = 4.0;
				TARGETED_DEVICE_FAMILY = "1,2";
			};
			name = Debug;
		};
		881B84DA209627B20084BAF2 /* Release */ = {
			isa = XCBuildConfiguration;
			baseConfigurationReference = 4C6C9E4A3B6CCB5C9B7E7E54 /* Pods-Machrou3kom.release.xcconfig */;
			buildSettings = {
				ASSETCATALOG_COMPILER_APPICON_NAME = AppIcon;
				CODE_SIGN_IDENTITY = "iPhone Developer";
				CODE_SIGN_STYLE = Automatic;
				DEVELOPMENT_TEAM = FDHPB9G97E;
				INFOPLIST_FILE = Machrou3kom/Info.plist;
				LD_RUNPATH_SEARCH_PATHS = (
					"$(inherited)",
					"@executable_path/Frameworks",
				);
				PRODUCT_BUNDLE_IDENTIFIER = com.hamzajg.Machrou3kom;
				PRODUCT_NAME = "$(TARGET_NAME)";
				PROVISIONING_PROFILE_SPECIFIER = "";
				SWIFT_VERSION = 4.0;
				TARGETED_DEVICE_FAMILY = "1,2";
			};
			name = Release;
		};
		881B84DC209627B20084BAF2 /* Debug */ = {
			isa = XCBuildConfiguration;
			baseConfigurationReference = 10A03D2B13A6D6B436201B94 /* Pods-Machrou3komTests.debug.xcconfig */;
			buildSettings = {
				ALWAYS_EMBED_SWIFT_STANDARD_LIBRARIES = YES;
				BUNDLE_LOADER = "$(TEST_HOST)";
				CODE_SIGN_STYLE = Automatic;
				DEVELOPMENT_TEAM = QEQ6W7KAJ7;
				INFOPLIST_FILE = Machrou3komTests/Info.plist;
				LD_RUNPATH_SEARCH_PATHS = (
					"$(inherited)",
					"@executable_path/Frameworks",
					"@loader_path/Frameworks",
				);
				PRODUCT_BUNDLE_IDENTIFIER = com.hamzajg.Machrou3komTests;
				PRODUCT_NAME = "$(TARGET_NAME)";
				SWIFT_VERSION = 4.0;
				TARGETED_DEVICE_FAMILY = "1,2";
				TEST_HOST = "$(BUILT_PRODUCTS_DIR)/Machrou3kom.app/Machrou3kom";
			};
			name = Debug;
		};
		881B84DD209627B20084BAF2 /* Release */ = {
			isa = XCBuildConfiguration;
			baseConfigurationReference = 010D955F63EACEDEA81DBAED /* Pods-Machrou3komTests.release.xcconfig */;
			buildSettings = {
				ALWAYS_EMBED_SWIFT_STANDARD_LIBRARIES = YES;
				BUNDLE_LOADER = "$(TEST_HOST)";
				CODE_SIGN_STYLE = Automatic;
				DEVELOPMENT_TEAM = QEQ6W7KAJ7;
				INFOPLIST_FILE = Machrou3komTests/Info.plist;
				LD_RUNPATH_SEARCH_PATHS = (
					"$(inherited)",
					"@executable_path/Frameworks",
					"@loader_path/Frameworks",
				);
				PRODUCT_BUNDLE_IDENTIFIER = com.hamzajg.Machrou3komTests;
				PRODUCT_NAME = "$(TARGET_NAME)";
				SWIFT_VERSION = 4.0;
				TARGETED_DEVICE_FAMILY = "1,2";
				TEST_HOST = "$(BUILT_PRODUCTS_DIR)/Machrou3kom.app/Machrou3kom";
			};
			name = Release;
		};
		881B84DF209627B20084BAF2 /* Debug */ = {
			isa = XCBuildConfiguration;
			baseConfigurationReference = 2169E27B0372354EBC693E6D /* Pods-Machrou3komUITests.debug.xcconfig */;
			buildSettings = {
				ALWAYS_EMBED_SWIFT_STANDARD_LIBRARIES = YES;
				CODE_SIGN_STYLE = Automatic;
				DEVELOPMENT_TEAM = QEQ6W7KAJ7;
				INFOPLIST_FILE = Machrou3komUITests/Info.plist;
				LD_RUNPATH_SEARCH_PATHS = (
					"$(inherited)",
					"@executable_path/Frameworks",
					"@loader_path/Frameworks",
				);
				PRODUCT_BUNDLE_IDENTIFIER = com.hamzajg.Machrou3komUITests;
				PRODUCT_NAME = "$(TARGET_NAME)";
				SWIFT_VERSION = 4.0;
				TARGETED_DEVICE_FAMILY = "1,2";
				TEST_TARGET_NAME = Machrou3kom;
			};
			name = Debug;
		};
		881B84E0209627B20084BAF2 /* Release */ = {
			isa = XCBuildConfiguration;
			baseConfigurationReference = 14EDE1E67DC044A2259A46C1 /* Pods-Machrou3komUITests.release.xcconfig */;
			buildSettings = {
				ALWAYS_EMBED_SWIFT_STANDARD_LIBRARIES = YES;
				CODE_SIGN_STYLE = Automatic;
				DEVELOPMENT_TEAM = QEQ6W7KAJ7;
				INFOPLIST_FILE = Machrou3komUITests/Info.plist;
				LD_RUNPATH_SEARCH_PATHS = (
					"$(inherited)",
					"@executable_path/Frameworks",
					"@loader_path/Frameworks",
				);
				PRODUCT_BUNDLE_IDENTIFIER = com.hamzajg.Machrou3komUITests;
				PRODUCT_NAME = "$(TARGET_NAME)";
				SWIFT_VERSION = 4.0;
				TARGETED_DEVICE_FAMILY = "1,2";
				TEST_TARGET_NAME = Machrou3kom;
			};
			name = Release;
		};
/* End XCBuildConfiguration section */

/* Begin XCConfigurationList section */
		881B84AB209627B10084BAF2 /* Build configuration list for PBXProject "Machrou3kom" */ = {
			isa = XCConfigurationList;
			buildConfigurations = (
				881B84D6209627B20084BAF2 /* Debug */,
				881B84D7209627B20084BAF2 /* Release */,
			);
			defaultConfigurationIsVisible = 0;
			defaultConfigurationName = Release;
		};
		881B84D8209627B20084BAF2 /* Build configuration list for PBXNativeTarget "Machrou3kom" */ = {
			isa = XCConfigurationList;
			buildConfigurations = (
				881B84D9209627B20084BAF2 /* Debug */,
				881B84DA209627B20084BAF2 /* Release */,
			);
			defaultConfigurationIsVisible = 0;
			defaultConfigurationName = Release;
		};
		881B84DB209627B20084BAF2 /* Build configuration list for PBXNativeTarget "Machrou3komTests" */ = {
			isa = XCConfigurationList;
			buildConfigurations = (
				881B84DC209627B20084BAF2 /* Debug */,
				881B84DD209627B20084BAF2 /* Release */,
			);
			defaultConfigurationIsVisible = 0;
			defaultConfigurationName = Release;
		};
		881B84DE209627B20084BAF2 /* Build configuration list for PBXNativeTarget "Machrou3komUITests" */ = {
			isa = XCConfigurationList;
			buildConfigurations = (
				881B84DF209627B20084BAF2 /* Debug */,
				881B84E0209627B20084BAF2 /* Release */,
			);
			defaultConfigurationIsVisible = 0;
			defaultConfigurationName = Release;
		};
/* End XCConfigurationList section */
	};
	rootObject = 881B84A8209627B10084BAF2 /* Project object */;
}
